
Microsoft Visual Studio Solution File, Format Version 12.00
# Visual Studio Version 16
VisualStudioVersion = 16.0.28803.156
MinimumVisualStudioVersion = 10.0.40219.1
Project("{9A19103F-16F7-4668-BE54-9A1E7A4F7556}") = "WebPagesPack", "WebPagesPack\WebPagesPack.csproj", "{721D084D-C3DF-4D7A-B3EE-A3836E2A545A}"
EndProject
Project("{9A19103F-16F7-4668-BE54-9A1E7A4F7556}") = "WebPagesPackTests", "WebPagesPackTests\WebPagesPackTests.csproj", "{F5B32D28-A82F-4D26-BDD3-98C27F24F8C8}"
EndProject
Project("{9A19103F-16F7-4668-BE54-9A1E7A4F7556}") = "Models", "Models\Models.csproj", "{0419A463-4454-4A84-AF01-2B7BFE5A64FA}"
EndProject
Project("{9A19103F-16F7-4668-BE54-9A1E7A4F7556}") = "HtmlParser", "HtmlParser\HtmlParser.csproj", "{6D3D03BF-D738-4182-8720-AAD82572D042}"
EndProject
Global
	GlobalSection(SolutionConfigurationPlatforms) = preSolution
		Debug|Any CPU = Debug|Any CPU
		Release|Any CPU = Release|Any CPU
	EndGlobalSection
	GlobalSection(ProjectConfigurationPlatforms) = postSolution
		{721D084D-C3DF-4D7A-B3EE-A3836E2A545A}.Debug|Any CPU.ActiveCfg = Debug|Any CPU
		{721D084D-C3DF-4D7A-B3EE-A3836E2A545A}.Debug|Any CPU.Build.0 = Debug|Any CPU
		{721D084D-C3DF-4D7A-B3EE-A3836E2A545A}.Release|Any CPU.ActiveCfg = Release|Any CPU
		{721D084D-C3DF-4D7A-B3EE-A3836E2A545A}.Release|Any CPU.Build.0 = Release|Any CPU
		{F5B32D28-A82F-4D26-BDD3-98C27F24F8C8}.Debug|Any CPU.ActiveCfg = Debug|Any CPU
		{F5B32D28-A82F-4D26-BDD3-98C27F24F8C8}.Debug|Any CPU.Build.0 = Debug|Any CPU
		{F5B32D28-A82F-4D26-BDD3-98C27F24F8C8}.Release|Any CPU.ActiveCfg = Release|Any CPU
		{F5B32D28-A82F-4D26-BDD3-98C27F24F8C8}.Release|Any CPU.Build.0 = Release|Any CPU
		{0419A463-4454-4A84-AF01-2B7BFE5A64FA}.Debug|Any CPU.ActiveCfg = Debug|Any CPU
		{0419A463-4454-4A84-AF01-2B7BFE5A64FA}.Debug|Any CPU.Build.0 = Debug|Any CPU
		{0419A463-4454-4A84-AF01-2B7BFE5A64FA}.Release|Any CPU.ActiveCfg = Release|Any CPU
		{0419A463-4454-4A84-AF01-2B7BFE5A64FA}.Release|Any CPU.Build.0 = Release|Any CPU
		{6D3D03BF-D738-4182-8720-AAD82572D042}.Debug|Any CPU.ActiveCfg = Debug|Any CPU
		{6D3D03BF-D738-4182-8720-AAD82572D042}.Debug|Any CPU.Build.0 = Debug|Any CPU
		{6D3D03BF-D738-4182-8720-AAD82572D042}.Release|Any CPU.ActiveCfg = Release|Any CPU
		{6D3D03BF-D738-4182-8720-AAD82572D042}.Release|Any CPU.Build.0 = Release|Any CPU
	EndGlobalSection
	GlobalSection(SolutionProperties) = preSolution
		HideSolutionNode = FALSE
	EndGlobalSection
	GlobalSection(ExtensibilityGlobals) = postSolution
		SolutionGuid = {C8389348-5E28-4C66-8EC6-A5259EF9526E}
	EndGlobalSection
EndGlobal
